<?xml version="1.0" encoding="utf-8"?>
<Project ToolsVersion="4.0" xmlns="http://schemas.microsoft.com/developer/msbuild/2003">
  <ItemGroup>
    <Filter Include="소스 파일">
      <UniqueIdentifier>{4FC737F1-C7A5-4376-A066-2A32D752A2FF}</UniqueIdentifier>
      <Extensions>cpp;c;cc;cxx;def;odl;idl;hpj;bat;asm;asmx</Extensions>
    </Filter>
    <Filter Include="헤더 파일">
      <UniqueIdentifier>{93995380-89BD-4b04-88EB-625FBE52EBFB}</UniqueIdentifier>
      <Extensions>h;hh;hpp;hxx;hm;inl;inc;ipp;xsd</Extensions>
    </Filter>
    <Filter Include="리소스 파일">
      <UniqueIdentifier>{67DA6AB6-F800-4c08-8B7A-83BB121AAD01}</UniqueIdentifier>
      <Extensions>rc;ico;cur;bmp;dlg;rc2;rct;bin;rgs;gif;jpg;jpeg;jpe;resx;tiff;tif;png;wav;mfcribbon-ms</Extensions>
    </Filter>
    <Filter Include="소스 파일\Enemy">
      <UniqueIdentifier>{4bd7930a-c966-4c8f-910e-ef9fb09f5cd1}</UniqueIdentifier>
    </Filter>
    <Filter Include="헤더 파일\Enemy">
      <UniqueIdentifier>{25b1be9b-b279-4632-8bd5-550af9026307}</UniqueIdentifier>
    </Filter>
    <Filter Include="소스 파일\Objects">
      <UniqueIdentifier>{6b6498dd-1fca-4ab9-bda6-4fc85ce2bc04}</UniqueIdentifier>
    </Filter>
    <Filter Include="헤더 파일\Objects">
      <UniqueIdentifier>{8996d402-1ca6-49cb-a627-fed52a389160}</UniqueIdentifier>
    </Filter>
    <Filter Include="소스 파일\Manager">
      <UniqueIdentifier>{02c89c69-f443-4485-8b3e-2d2108fd91a4}</UniqueIdentifier>
    </Filter>
    <Filter Include="헤더 파일\Manager">
      <UniqueIdentifier>{21bb90d4-b4ae-4b7f-952f-944870fdcdfb}</UniqueIdentifier>
    </Filter>
  </ItemGroup>
  <ItemGroup>
    <ClInclude Include="framework.h">
      <Filter>헤더 파일</Filter>
    </ClInclude>
    <ClInclude Include="targetver.h">
      <Filter>헤더 파일</Filter>
    </ClInclude>
    <ClInclude Include="Resource.h">
      <Filter>헤더 파일</Filter>
    </ClInclude>
    <ClInclude Include="MetalSlug2.h">
      <Filter>헤더 파일</Filter>
    </ClInclude>
    <ClInclude Include="Stage.h">
      <Filter>헤더 파일</Filter>
    </ClInclude>
    <ClInclude Include="Gutil.h">
      <Filter>헤더 파일</Filter>
    </ClInclude>
    <ClInclude Include="Animation.h">
      <Filter>헤더 파일</Filter>
    </ClInclude>
    <ClInclude Include="Camera.h">
      <Filter>헤더 파일</Filter>
    </ClInclude>
    <ClInclude Include="Scene.h">
      <Filter>헤더 파일</Filter>
    </ClInclude>
    <ClInclude Include="Enemy.h">
      <Filter>헤더 파일\Enemy</Filter>
    </ClInclude>
    <ClInclude Include="Berserker.h">
      <Filter>헤더 파일\Enemy</Filter>
    </ClInclude>
    <ClInclude Include="Truck.h">
      <Filter>헤더 파일\Enemy</Filter>
    </ClInclude>
    <ClInclude Include="Keesi.h">
      <Filter>헤더 파일\Enemy</Filter>
    </ClInclude>
    <ClInclude Include="Helicopter.h">
      <Filter>헤더 파일\Enemy</Filter>
    </ClInclude>
    <ClInclude Include="Mosque.h">
      <Filter>헤더 파일\Enemy</Filter>
    </ClInclude>
    <ClInclude Include="Item.h">
      <Filter>헤더 파일</Filter>
    </ClInclude>
    <ClInclude Include="Bomb.h">
      <Filter>헤더 파일\Objects</Filter>
    </ClInclude>
    <ClInclude Include="Bullet.h">
      <Filter>헤더 파일\Objects</Filter>
    </ClInclude>
    <ClInclude Include="Player.h">
      <Filter>헤더 파일\Objects</Filter>
    </ClInclude>
    <ClInclude Include="Projectile.h">
      <Filter>헤더 파일\Objects</Filter>
    </ClInclude>
    <ClInclude Include="GameObjects.h">
      <Filter>헤더 파일\Objects</Filter>
    </ClInclude>
    <ClInclude Include="HUD.h">
      <Filter>헤더 파일</Filter>
    </ClInclude>
    <ClInclude Include="NPC.h">
      <Filter>헤더 파일</Filter>
    </ClInclude>
    <ClInclude Include="GameManager.h">
      <Filter>헤더 파일\Manager</Filter>
    </ClInclude>
    <ClInclude Include="EnemyTrigger.h">
      <Filter>헤더 파일\Manager</Filter>
    </ClInclude>
    <ClInclude Include="SoundPlayer.h">
      <Filter>헤더 파일\Manager</Filter>
    </ClInclude>
    <ClInclude Include="ScenePlay.h">
      <Filter>헤더 파일\Manager</Filter>
    </ClInclude>
    <ClInclude Include="NPCSpawner.h">
      <Filter>헤더 파일\Manager</Filter>
    </ClInclude>
    <ClInclude Include="Bradley.h">
      <Filter>헤더 파일\Enemy</Filter>
    </ClInclude>
  </ItemGroup>
  <ItemGroup>
    <ClCompile Include="MetalSlug2.cpp">
      <Filter>소스 파일</Filter>
    </ClCompile>
    <ClCompile Include="Stage.cpp">
      <Filter>소스 파일</Filter>
    </ClCompile>
    <ClCompile Include="Gutil.cpp">
      <Filter>소스 파일</Filter>
    </ClCompile>
    <ClCompile Include="Animation.cpp">
      <Filter>소스 파일</Filter>
    </ClCompile>
    <ClCompile Include="Camera.cpp">
      <Filter>소스 파일</Filter>
    </ClCompile>
    <ClCompile Include="Scene.cpp">
      <Filter>소스 파일</Filter>
    </ClCompile>
    <ClCompile Include="Berserker.cpp">
      <Filter>소스 파일\Enemy</Filter>
    </ClCompile>
    <ClCompile Include="Keesi.cpp">
      <Filter>소스 파일\Enemy</Filter>
    </ClCompile>
    <ClCompile Include="Helicopter.cpp">
      <Filter>소스 파일\Enemy</Filter>
    </ClCompile>
    <ClCompile Include="Truck.cpp">
      <Filter>소스 파일\Enemy</Filter>
    </ClCompile>
    <ClCompile Include="Enemy.cpp">
      <Filter>소스 파일\Enemy</Filter>
    </ClCompile>
    <ClCompile Include="Mosque.cpp">
      <Filter>소스 파일\Enemy</Filter>
    </ClCompile>
    <ClCompile Include="Bomb.cpp">
      <Filter>소스 파일\Objects</Filter>
    </ClCompile>
    <ClCompile Include="Bullet.cpp">
      <Filter>소스 파일\Objects</Filter>
    </ClCompile>
    <ClCompile Include="GameObjects.cpp">
      <Filter>소스 파일\Objects</Filter>
    </ClCompile>
    <ClCompile Include="Player.cpp">
      <Filter>소스 파일\Objects</Filter>
    </ClCompile>
    <ClCompile Include="Item.cpp">
      <Filter>소스 파일</Filter>
    </ClCompile>
    <ClCompile Include="Projectile.cpp">
      <Filter>소스 파일\Objects</Filter>
    </ClCompile>
    <ClCompile Include="HUD.cpp">
      <Filter>소스 파일</Filter>
    </ClCompile>
    <ClCompile Include="GameManager.cpp">
      <Filter>소스 파일\Manager</Filter>
    </ClCompile>
    <ClCompile Include="EnemyTrigger.cpp">
      <Filter>소스 파일\Manager</Filter>
    </ClCompile>
    <ClCompile Include="ScenePlay.cpp">
      <Filter>소스 파일\Manager</Filter>
    </ClCompile>
    <ClCompile Include="NPC.cpp">
      <Filter>소스 파일</Filter>
    </ClCompile>
    <ClCompile Include="NPCSpawner.cpp">
      <Filter>소스 파일\Manager</Filter>
    </ClCompile>
    <ClCompile Include="SoundPlayer.cpp">
      <Filter>소스 파일\Manager</Filter>
    </ClCompile>
    <ClCompile Include="Bradley.cpp">
      <Filter>소스 파일\Enemy</Filter>
    </ClCompile>
  </ItemGroup>
  <ItemGroup>
    <ResourceCompile Include="MetalSlug2.rc">
      <Filter>리소스 파일</Filter>
    </ResourceCompile>
  </ItemGroup>
  <ItemGroup>
    <Image Include="small.ico">
      <Filter>리소스 파일</Filter>
    </Image>
    <Image Include="MetalSlug2.ico">
      <Filter>리소스 파일</Filter>
    </Image>
  </ItemGroup>
</Project>